PODS:
  - Flutter (1.0.0)
  - flutter_native_html_view (0.0.1):
    - Flutter

DEPENDENCIES:
  - Flutter (from `Flutter`)
  - flutter_native_html_view (from `.symlinks/plugins/flutter_native_html_view/ios`)

EXTERNAL SOURCES:
  Flutter:
    :path: Flutter
  flutter_native_html_view:
    :path: ".symlinks/plugins/flutter_native_html_view/ios"

SPEC CHECKSUMS:
  Flutter: 0e3d915762c693b495b44d77113d4970485de6ec
  flutter_native_html_view: 1ebd0fb2bd5530d27a79ab05ac5bbcbbf72e95ae

PODFILE CHECKSUM: 083258d7f5e80b42ea9bfee905fe93049bc04c64

COCOAPODS: 1.9.1
